
Microsoft Visual Studio Solution File, Format Version 12.00
# Visual Studio 15
VisualStudioVersion = 15.0.33026.149
MinimumVisualStudioVersion = 10.0.40219.1
Project("{FAE04EC0-301F-11D3-BF4B-00C04F79EFBC}") = "NestedGrid", "NestedGrid\NestedGrid.csproj", "{38FBCF7D-4C5A-42C2-AF6F-DB3F1D9BC65E}"
EndProject
Global
	GlobalSection(SolutionConfigurationPlatforms) = preSolution
		Debug|Any CPU = Debug|Any CPU
		Release|Any CPU = Release|Any CPU
	EndGlobalSection
	GlobalSection(ProjectConfigurationPlatforms) = postSolution
		{38FBCF7D-4C5A-42C2-AF6F-DB3F1D9BC65E}.Debug|Any CPU.ActiveCfg = Debug|Any CPU
		{38FBCF7D-4C5A-42C2-AF6F-DB3F1D9BC65E}.Debug|Any CPU.Build.0 = Debug|Any CPU
		{38FBCF7D-4C5A-42C2-AF6F-DB3F1D9BC65E}.Release|Any CPU.ActiveCfg = Release|Any CPU
		{38FBCF7D-4C5A-42C2-AF6F-DB3F1D9BC65E}.Release|Any CPU.Build.0 = Release|Any CPU
	EndGlobalSection
	GlobalSection(SolutionProperties) = preSolution
		HideSolutionNode = FALSE
	EndGlobalSection
	GlobalSection(ExtensibilityGlobals) = postSolution
		SolutionGuid = {50EEB8B9-A5BE-4652-8916-225364FD8106}
	EndGlobalSection
EndGlobal
